// !$*UTF8*$!
{
	archiveVersion = 1;
	classes = {
	};
	objectVersion = 77;
	objects = {

/* Begin PBXContainerItemProxy section */
		D166D85C2DCB8DFE00D20E26 /* PBXContainerItemProxy */ = {
			isa = PBXContainerItemProxy;
			containerPortal = D166D83D2DCB8DFD00D20E26 /* Project object */;
			proxyType = 1;
			remoteGlobalIDString = D166D8442DCB8DFD00D20E26;
			remoteInfo = CalculatePr;
		};
		D166D8662DCB8DFE00D20E26 /* PBXContainerItemProxy */ = {
			isa = PBXContainerItemProxy;
			containerPortal = D166D83D2DCB8DFD00D20E26 /* Project object */;
			proxyType = 1;
			remoteGlobalIDString = D166D8442DCB8DFD00D20E26;
			remoteInfo = CalculatePr;
		};
/* End PBXContainerItemProxy section */

/* Begin PBXFileReference section */
		D166D8452DCB8DFD00D20E26 /* CalculatePr.app */ = {isa = PBXFileReference; explicitFileType = wrapper.application; includeInIndex = 0; path = CalculatePr.app; sourceTree = BUILT_PRODUCTS_DIR; };
		D166D85B2DCB8DFE00D20E26 /* CalculatePrTests.xctest */ = {isa = PBXFileReference; explicitFileType = wrapper.cfbundle; includeInIndex = 0; path = CalculatePrTests.xctest; sourceTree = BUILT_PRODUCTS_DIR; };
		D166D8652DCB8DFE00D20E26 /* CalculatePrUITests.xctest */ = {isa = PBXFileReference; explicitFileType = wrapper.cfbundle; includeInIndex = 0; path = CalculatePrUITests.xctest; sourceTree = BUILT_PRODUCTS_DIR; };
/* End PBXFileReference section */

/* Begin PBXFileSystemSynchronizedBuildFileExceptionSet section */
		D166D86D2DCB8DFE00D20E26 /* Exceptions for "CalculatePr" folder in "CalculatePr" target */ = {
			isa = PBXFileSystemSynchronizedBuildFileExceptionSet;
			membershipExceptions = (
				Info.plist,
			);
			target = D166D8442DCB8DFD00D20E26 /* CalculatePr */;
		};
/* End PBXFileSystemSynchronizedBuildFileExceptionSet section */

/* Begin PBXFileSystemSynchronizedRootGroup section */
		D166D8472DCB8DFD00D20E26 /* CalculatePr */ = {
			isa = PBXFileSystemSynchronizedRootGroup;
			exceptions = (
				D166D86D2DCB8DFE00D20E26 /* Exceptions for "CalculatePr" folder in "CalculatePr" target */,
			);
			path = CalculatePr;
			sourceTree = "<group>";
		};
		D166D85E2DCB8DFE00D20E26 /* CalculatePrTests */ = {
			isa = PBXFileSystemSynchronizedRootGroup;
			path = CalculatePrTests;
			sourceTree = "<group>";
		};
		D166D8682DCB8DFE00D20E26 /* CalculatePrUITests */ = {
			isa = PBXFileSystemSynchronizedRootGroup;
			path = CalculatePrUITests;
			sourceTree = "<group>";
		};
/* End PBXFileSystemSynchronizedRootGroup section */

/* Begin PBXFrameworksBuildPhase section */
		D166D8422DCB8DFD00D20E26 /* Frameworks */ = {
			isa = PBXFrameworksBuildPhase;
			buildActionMask = 2147483647;
			files = (
			);
			runOnlyForDeploymentPostprocessing = 0;
		};
		D166D8582DCB8DFE00D20E26 /* Frameworks */ = {
			isa = PBXFrameworksBuildPhase;
			buildActionMask = 2147483647;
			files = (
			);
			runOnlyForDeploymentPostprocessing = 0;
		};
		D166D8622DCB8DFE00D20E26 /* Frameworks */ = {
			isa = PBXFrameworksBuildPhase;
			buildActionMask = 2147483647;
			files = (
			);
			runOnlyForDeploymentPostprocessing = 0;
		};
/* End PBXFrameworksBuildPhase section */

/* Begin PBXGroup section */
		D166D83C2DCB8DFD00D20E26 = {
			isa = PBXGroup;
			children = (
				D166D8472DCB8DFD00D20E26 /* CalculatePr */,
				D166D85E2DCB8DFE00D20E26 /* CalculatePrTests */,
				D166D8682DCB8DFE00D20E26 /* CalculatePrUITests */,
				D166D8462DCB8DFD00D20E26 /* Products */,
			);
			sourceTree = "<group>";
		};
		D166D8462DCB8DFD00D20E26 /* Products */ = {
			isa = PBXGroup;
			children = (
				D166D8452DCB8DFD00D20E26 /* CalculatePr.app */,
				D166D85B2DCB8DFE00D20E26 /* CalculatePrTests.xctest */,
				D166D8652DCB8DFE00D20E26 /* CalculatePrUITests.xctest */,
			);
			name = Products;
			sourceTree = "<group>";
		};
/* End PBXGroup section */

/* Begin PBXNativeTarget section */
		D166D8442DCB8DFD00D20E26 /* CalculatePr */ = {
			isa = PBXNativeTarget;
			buildConfigurationList = D166D86E2DCB8DFE00D20E26 /* Build configuration list for PBXNativeTarget "CalculatePr" */;
			buildPhases = (
				D166D8412DCB8DFD00D20E26 /* Sources */,
				D166D8422DCB8DFD00D20E26 /* Frameworks */,
				D166D8432DCB8DFD00D20E26 /* Resources */,
			);
			buildRules = (
			);
			dependencies = (
			);
			fileSystemSynchronizedGroups = (
				D166D8472DCB8DFD00D20E26 /* CalculatePr */,
			);
			name = CalculatePr;
			packageProductDependencies = (
			);
			productName = CalculatePr;
			productReference = D166D8452DCB8DFD00D20E26 /* CalculatePr.app */;
			productType = "com.apple.product-type.application";
		};
		D166D85A2DCB8DFE00D20E26 /* CalculatePrTests */ = {
			isa = PBXNativeTarget;
			buildConfigurationList = D166D8732DCB8DFE00D20E26 /* Build configuration list for PBXNativeTarget "CalculatePrTests" */;
			buildPhases = (
				D166D8572DCB8DFE00D20E26 /* Sources */,
				D166D8582DCB8DFE00D20E26 /* Frameworks */,
				D166D8592DCB8DFE00D20E26 /* Resources */,
			);
			buildRules = (
			);
			dependencies = (
				D166D85D2DCB8DFE00D20E26 /* PBXTargetDependency */,
			);
			fileSystemSynchronizedGroups = (
				D166D85E2DCB8DFE00D20E26 /* CalculatePrTests */,
			);
			name = CalculatePrTests;
			packageProductDependencies = (
			);
			productName = CalculatePrTests;
			productReference = D166D85B2DCB8DFE00D20E26 /* CalculatePrTests.xctest */;
			productType = "com.apple.product-type.bundle.unit-test";
		};
		D166D8642DCB8DFE00D20E26 /* CalculatePrUITests */ = {
			isa = PBXNativeTarget;
			buildConfigurationList = D166D8762DCB8DFE00D20E26 /* Build configuration list for PBXNativeTarget "CalculatePrUITests" */;
			buildPhases = (
				D166D8612DCB8DFE00D20E26 /* Sources */,
				D166D8622DCB8DFE00D20E26 /* Frameworks */,
				D166D8632DCB8DFE00D20E26 /* Resources */,
			);
			buildRules = (
			);
			dependencies = (
				D166D8672DCB8DFE00D20E26 /* PBXTargetDependency */,
			);
			fileSystemSynchronizedGroups = (
				D166D8682DCB8DFE00D20E26 /* CalculatePrUITests */,
			);
			name = CalculatePrUITests;
			packageProductDependencies = (
			);
			productName = CalculatePrUITests;
			productReference = D166D8652DCB8DFE00D20E26 /* CalculatePrUITests.xctest */;
			productType = "com.apple.product-type.bundle.ui-testing";
		};
/* End PBXNativeTarget section */

/* Begin PBXProject section */
		D166D83D2DCB8DFD00D20E26 /* Project object */ = {
			isa = PBXProject;
			attributes = {
				BuildIndependentTargetsInParallel = 1;
				LastSwiftUpdateCheck = 1630;
				LastUpgradeCheck = 1630;
				TargetAttributes = {
					D166D8442DCB8DFD00D20E26 = {
						CreatedOnToolsVersion = 16.3;
					};
					D166D85A2DCB8DFE00D20E26 = {
						CreatedOnToolsVersion = 16.3;
						TestTargetID = D166D8442DCB8DFD00D20E26;
					};
					D166D8642DCB8DFE00D20E26 = {
						CreatedOnToolsVersion = 16.3;
						TestTargetID = D166D8442DCB8DFD00D20E26;
					};
				};
			};
			buildConfigurationList = D166D8402DCB8DFD00D20E26 /* Build configuration list for PBXProject "CalculatePr" */;
			developmentRegion = en;
			hasScannedForEncodings = 0;
			knownRegions = (
				en,
				Base,
			);
			mainGroup = D166D83C2DCB8DFD00D20E26;
			minimizedProjectReferenceProxies = 1;
			preferredProjectObjectVersion = 77;
			productRefGroup = D166D8462DCB8DFD00D20E26 /* Products */;
			projectDirPath = "";
			projectRoot = "";
			targets = (
				D166D8442DCB8DFD00D20E26 /* CalculatePr */,
				D166D85A2DCB8DFE00D20E26 /* CalculatePrTests */,
				D166D8642DCB8DFE00D20E26 /* CalculatePrUITests */,
			);
		};
/* End PBXProject section */

/* Begin PBXResourcesBuildPhase section */
		D166D8432DCB8DFD00D20E26 /* Resources */ = {
			isa = PBXResourcesBuildPhase;
			buildActionMask = 2147483647;
			files = (
			);
			runOnlyForDeploymentPostprocessing = 0;
		};
		D166D8592DCB8DFE00D20E26 /* Resources */ = {
			isa = PBXResourcesBuildPhase;
			buildActionMask = 2147483647;
			files = (
			);
			runOnlyForDeploymentPostprocessing = 0;
		};
		D166D8632DCB8DFE00D20E26 /* Resources */ = {
			isa = PBXResourcesBuildPhase;
			buildActionMask = 2147483647;
			files = (
			);
			runOnlyForDeploymentPostprocessing = 0;
		};
/* End PBXResourcesBuildPhase section */

/* Begin PBXSourcesBuildPhase section */
		D166D8412DCB8DFD00D20E26 /* Sources */ = {
			isa = PBXSourcesBuildPhase;
			buildActionMask = 2147483647;
			files = (
			);
			runOnlyForDeploymentPostprocessing = 0;
		};
		D166D8572DCB8DFE00D20E26 /* Sources */ = {
			isa = PBXSourcesBuildPhase;
			buildActionMask = 2147483647;
			files = (
			);
			runOnlyForDeploymentPostprocessing = 0;
		};
		D166D8612DCB8DFE00D20E26 /* Sources */ = {
			isa = PBXSourcesBuildPhase;
			buildActionMask = 2147483647;
			files = (
			);
			runOnlyForDeploymentPostprocessing = 0;
		};
/* End PBXSourcesBuildPhase section */

/* Begin PBXTargetDependency section */
		D166D85D2DCB8DFE00D20E26 /* PBXTargetDependency */ = {
			isa = PBXTargetDependency;
			target = D166D8442DCB8DFD00D20E26 /* CalculatePr */;
			targetProxy = D166D85C2DCB8DFE00D20E26 /* PBXContainerItemProxy */;
		};
		D166D8672DCB8DFE00D20E26 /* PBXTargetDependency */ = {
			isa = PBXTargetDependency;
			target = D166D8442DCB8DFD00D20E26 /* CalculatePr */;
			targetProxy = D166D8662DCB8DFE00D20E26 /* PBXContainerItemProxy */;
		};
/* End PBXTargetDependency section */

/* Begin XCBuildConfiguration section */
		D166D86F2DCB8DFE00D20E26 /* Debug */ = {
			isa = XCBuildConfiguration;
			buildSettings = {
				ASSETCATALOG_COMPILER_APPICON_NAME = AppIcon;
				ASSETCATALOG_COMPILER_GLOBAL_ACCENT_COLOR_NAME = AccentColor;
				CODE_SIGN_STYLE = Automatic;
				CURRENT_PROJECT_VERSION = 1;
				DEVELOPMENT_TEAM = JVXZNQZFJS;
				GENERATE_INFOPLIST_FILE = YES;
				INFOPLIST_FILE = CalculatePr/Info.plist;
				INFOPLIST_KEY_UIApplicationSupportsIndirectInputEvents = YES;
				INFOPLIST_KEY_UILaunchStoryboardName = LaunchScreen;
				INFOPLIST_KEY_UIMainStoryboardFile = Main;
				INFOPLIST_KEY_UISupportedInterfaceOrientations_iPad = "UIInterfaceOrientationPortrait UIInterfaceOrientationPortraitUpsideDown UIInterfaceOrientationLandscapeLeft UIInterfaceOrientationLandscapeRight";
				INFOPLIST_KEY_UISupportedInterfaceOrientations_iPhone = "UIInterfaceOrientationPortrait UIInterfaceOrientationLandscapeLeft UIInterfaceOrientationLandscapeRight";
				LD_RUNPATH_SEARCH_PATHS = (
					"$(inherited)",
					"@executable_path/Frameworks",
				);
				MARKETING_VERSION = 1.0;
				PRODUCT_BUNDLE_IDENTIFIER = com.xcoding.CalculatePr;
				PRODUCT_NAME = "$(TARGET_NAME)";
				SWIFT_EMIT_LOC_STRINGS = YES;
				SWIFT_VERSION = 5.0;
				TARGETED_DEVICE_FAMILY = "1,2";
			};
			name = Debug;
		};
		D166D8702DCB8DFE00D20E26 /* Release */ = {
			isa = XCBuildConfiguration;
			buildSettings = {
				ASSETCATALOG_COMPILER_APPICON_NAME = AppIcon;
				ASSETCATALOG_COMPILER_GLOBAL_ACCENT_COLOR_NAME = AccentColor;
				CODE_SIGN_STYLE = Automatic;
				CURRENT_PROJECT_VERSION = 1;
				DEVELOPMENT_TEAM = JVXZNQZFJS;
				GENERATE_INFOPLIST_FILE = YES;
				INFOPLIST_FILE = CalculatePr/Info.plist;
				INFOPLIST_KEY_UIApplicationSupportsIndirectInputEvents = YES;
				INFOPLIST_KEY_UILaunchStoryboardName = LaunchScreen;
				INFOPLIST_KEY_UIMainStoryboardFile = Main;
				INFOPLIST_KEY_UISupportedInterfaceOrientations_iPad = "UIInterfaceOrientationPortrait UIInterfaceOrientationPortraitUpsideDown UIInterfaceOrientationLandscapeLeft UIInterfaceOrientationLandscapeRight";
				INFOPLIST_KEY_UISupportedInterfaceOrientations_iPhone = "UIInterfaceOrientationPortrait UIInterfaceOrientationLandscapeLeft UIInterfaceOrientationLandscapeRight";
				LD_RUNPATH_SEARCH_PATHS = (
					"$(inherited)",
					"@executable_path/Frameworks",
				);
				MARKETING_VERSION = 1.0;
				PRODUCT_BUNDLE_IDENTIFIER = com.xcoding.CalculatePr;
				PRODUCT_NAME = "$(TARGET_NAME)";
				SWIFT_EMIT_LOC_STRINGS = YES;
				SWIFT_VERSION = 5.0;
				TARGETED_DEVICE_FAMILY = "1,2";
			};
			name = Release;
		};
		D166D8712DCB8DFE00D20E26 /* Debug */ = {
			isa = XCBuildConfiguration;
			buildSettings = {
				ALWAYS_SEARCH_USER_PATHS = NO;
				ASSETCATALOG_COMPILER_GENERATE_SWIFT_ASSET_SYMBOL_EXTENSIONS = YES;
				CLANG_ANALYZER_NONNULL = YES;
				CLANG_ANALYZER_NUMBER_OBJECT_CONVERSION = YES_AGGRESSIVE;
				CLANG_CXX_LANGUAGE_STANDARD = "gnu++20";
				CLANG_ENABLE_MODULES = YES;
				CLANG_ENABLE_OBJC_ARC = YES;
				CLANG_ENABLE_OBJC_WEAK = YES;
				CLANG_WARN_BLOCK_CAPTURE_AUTORELEASING = YES;
				CLANG_WARN_BOOL_CONVERSION = YES;
				CLANG_WARN_COMMA = YES;
				CLANG_WARN_CONSTANT_CONVERSION = YES;
				CLANG_WARN_DEPRECATED_OBJC_IMPLEMENTATIONS = YES;
				CLANG_WARN_DIRECT_OBJC_ISA_USAGE = YES_ERROR;
				CLANG_WARN_DOCUMENTATION_COMMENTS = YES;
				CLANG_WARN_EMPTY_BODY = YES;
				CLANG_WARN_ENUM_CONVERSION = YES;
				CLANG_WARN_INFINITE_RECURSION = YES;
				CLANG_WARN_INT_CONVERSION = YES;
				CLANG_WARN_NON_LITERAL_NULL_CONVERSION = YES;
				CLANG_WARN_OBJC_IMPLICIT_RETAIN_SELF = YES;
				CLANG_WARN_OBJC_LITERAL_CONVERSION = YES;
				CLANG_WARN_OBJC_ROOT_CLASS = YES_ERROR;
				CLANG_WARN_QUOTED_INCLUDE_IN_FRAMEWORK_HEADER = YES;
				CLANG_WARN_RANGE_LOOP_ANALYSIS = YES;
				CLANG_WARN_STRICT_PROTOTYPES = YES;
				CLANG_WARN_SUSPICIOUS_MOVE = YES;
				CLANG_WARN_UNGUARDED_AVAILABILITY = YES_AGGRESSIVE;
				CLANG_WARN_UNREACHABLE_CODE = YES;
				CLANG_WARN__DUPLICATE_METHOD_MATCH = YES;
				COPY_PHASE_STRIP = NO;
				DEBUG_INFORMATION_FORMAT = dwarf;
				DEVELOPMENT_TEAM = JVXZNQZFJS;
				ENABLE_STRICT_OBJC_MSGSEND = YES;
				ENABLE_TESTABILITY = YES;
				ENABLE_USER_SCRIPT_SANDBOXING = YES;
				GCC_C_LANGUAGE_STANDARD = gnu17;
				GCC_DYNAMIC_NO_PIC = NO;
				GCC_NO_COMMON_BLOCKS = YES;
				GCC_OPTIMIZATION_LEVEL = 0;
				GCC_PREPROCESSOR_DEFINITIONS = (
					"DEBUG=1",
					"$(inherited)",
				);
				GCC_WARN_64_TO_32_BIT_CONVERSION = YES;
				GCC_WARN_ABOUT_RETURN_TYPE = YES_ERROR;
				GCC_WARN_UNDECLARED_SELECTOR = YES;
				GCC_WARN_UNINITIALIZED_AUTOS = YES_AGGRESSIVE;
				GCC_WARN_UNUSED_FUNCTION = YES;
				GCC_WARN_UNUSED_VARIABLE = YES;
				IPHONEOS_DEPLOYMENT_TARGET = 18.4;
				LOCALIZATION_PREFERS_STRING_CATALOGS = YES;
				MTL_ENABLE_DEBUG_INFO = INCLUDE_SOURCE;
				MTL_FAST_MATH = YES;
				ONLY_ACTIVE_ARCH = YES;
				SDKROOT = iphoneos;
				SWIFT_ACTIVE_COMPILATION_CONDITIONS = "DEBUG $(inherited)";
				SWIFT_OPTIMIZATION_LEVEL = "-Onone";
			};
			name = Debug;
		};
		D166D8722DCB8DFE00D20E26 /* Release */ = {
			isa = XCBuildConfiguration;
			buildSettings = {
				ALWAYS_SEARCH_USER_PATHS = NO;
				ASSETCATALOG_COMPILER_GENERATE_SWIFT_ASSET_SYMBOL_EXTENSIONS = YES;
				CLANG_ANALYZER_NONNULL = YES;
				CLANG_ANALYZER_NUMBER_OBJECT_CONVERSION = YES_AGGRESSIVE;
				CLANG_CXX_LANGUAGE_STANDARD = "gnu++20";
				CLANG_ENABLE_MODULES = YES;
				CLANG_ENABLE_OBJC_ARC = YES;
				CLANG_ENABLE_OBJC_WEAK = YES;
				CLANG_WARN_BLOCK_CAPTURE_AUTORELEASING = YES;
				CLANG_WARN_BOOL_CONVERSION = YES;
				CLANG_WARN_COMMA = YES;
				CLANG_WARN_CONSTANT_CONVERSION = YES;
				CLANG_WARN_DEPRECATED_OBJC_IMPLEMENTATIONS = YES;
				CLANG_WARN_DIRECT_OBJC_ISA_USAGE = YES_ERROR;
				CLANG_WARN_DOCUMENTATION_COMMENTS = YES;
				CLANG_WARN_EMPTY_BODY = YES;
				CLANG_WARN_ENUM_CONVERSION = YES;
				CLANG_WARN_INFINITE_RECURSION = YES;
				CLANG_WARN_INT_CONVERSION = YES;
				CLANG_WARN_NON_LITERAL_NULL_CONVERSION = YES;
				CLANG_WARN_OBJC_IMPLICIT_RETAIN_SELF = YES;
				CLANG_WARN_OBJC_LITERAL_CONVERSION = YES;
				CLANG_WARN_OBJC_ROOT_CLASS = YES_ERROR;
				CLANG_WARN_QUOTED_INCLUDE_IN_FRAMEWORK_HEADER = YES;
				CLANG_WARN_RANGE_LOOP_ANALYSIS = YES;
				CLANG_WARN_STRICT_PROTOTYPES = YES;
				CLANG_WARN_SUSPICIOUS_MOVE = YES;
				CLANG_WARN_UNGUARDED_AVAILABILITY = YES_AGGRESSIVE;
				CLANG_WARN_UNREACHABLE_CODE = YES;
				CLANG_WARN__DUPLICATE_METHOD_MATCH = YES;
				COPY_PHASE_STRIP = NO;
				DEBUG_INFORMATION_FORMAT = "dwarf-with-dsym";
				DEVELOPMENT_TEAM = JVXZNQZFJS;
				ENABLE_NS_ASSERTIONS = NO;
				ENABLE_STRICT_OBJC_MSGSEND = YES;
				ENABLE_USER_SCRIPT_SANDBOXING = YES;
				GCC_C_LANGUAGE_STANDARD = gnu17;
				GCC_NO_COMMON_BLOCKS = YES;
				GCC_WARN_64_TO_32_BIT_CONVERSION = YES;
				GCC_WARN_ABOUT_RETURN_TYPE = YES_ERROR;
				GCC_WARN_UNDECLARED_SELECTOR = YES;
				GCC_WARN_UNINITIALIZED_AUTOS = YES_AGGRESSIVE;
				GCC_WARN_UNUSED_FUNCTION = YES;
				GCC_WARN_UNUSED_VARIABLE = YES;
				IPHONEOS_DEPLOYMENT_TARGET = 18.4;
				LOCALIZATION_PREFERS_STRING_CATALOGS = YES;
				MTL_ENABLE_DEBUG_INFO = NO;
				MTL_FAST_MATH = YES;
				SDKROOT = iphoneos;
				SWIFT_COMPILATION_MODE = wholemodule;
				VALIDATE_PRODUCT = YES;
			};
			name = Release;
		};
		D166D8742DCB8DFE00D20E26 /* Debug */ = {
			isa = XCBuildConfiguration;
			buildSettings = {
				BUNDLE_LOADER = "$(TEST_HOST)";
				CODE_SIGN_STYLE = Automatic;
				CURRENT_PROJECT_VERSION = 1;
				DEVELOPMENT_TEAM = JVXZNQZFJS;
				GENERATE_INFOPLIST_FILE = YES;
				IPHONEOS_DEPLOYMENT_TARGET = 18.4;
				MARKETING_VERSION = 1.0;
				PRODUCT_BUNDLE_IDENTIFIER = com.xcoding.CalculatePrTests;
				PRODUCT_NAME = "$(TARGET_NAME)";
				SWIFT_EMIT_LOC_STRINGS = NO;
				SWIFT_VERSION = 5.0;
				TARGETED_DEVICE_FAMILY = "1,2";
				TEST_HOST = "$(BUILT_PRODUCTS_DIR)/CalculatePr.app/$(BUNDLE_EXECUTABLE_FOLDER_PATH)/CalculatePr";
			};
			name = Debug;
		};
		D166D8752DCB8DFE00D20E26 /* Release */ = {
			isa = XCBuildConfiguration;
			buildSettings = {
				BUNDLE_LOADER = "$(TEST_HOST)";
				CODE_SIGN_STYLE = Automatic;
				CURRENT_PROJECT_VERSION = 1;
				DEVELOPMENT_TEAM = JVXZNQZFJS;
				GENERATE_INFOPLIST_FILE = YES;
				IPHONEOS_DEPLOYMENT_TARGET = 18.4;
				MARKETING_VERSION = 1.0;
				PRODUCT_BUNDLE_IDENTIFIER = com.xcoding.CalculatePrTests;
				PRODUCT_NAME = "$(TARGET_NAME)";
				SWIFT_EMIT_LOC_STRINGS = NO;
				SWIFT_VERSION = 5.0;
				TARGETED_DEVICE_FAMILY = "1,2";
				TEST_HOST = "$(BUILT_PRODUCTS_DIR)/CalculatePr.app/$(BUNDLE_EXECUTABLE_FOLDER_PATH)/CalculatePr";
			};
			name = Release;
		};
		D166D8772DCB8DFE00D20E26 /* Debug */ = {
			isa = XCBuildConfiguration;
			buildSettings = {
				CODE_SIGN_STYLE = Automatic;
				CURRENT_PROJECT_VERSION = 1;
				DEVELOPMENT_TEAM = JVXZNQZFJS;
				GENERATE_INFOPLIST_FILE = YES;
				MARKETING_VERSION = 1.0;
				PRODUCT_BUNDLE_IDENTIFIER = com.xcoding.CalculatePrUITests;
				PRODUCT_NAME = "$(TARGET_NAME)";
				SWIFT_EMIT_LOC_STRINGS = NO;
				SWIFT_VERSION = 5.0;
				TARGETED_DEVICE_FAMILY = "1,2";
				TEST_TARGET_NAME = CalculatePr;
			};
			name = Debug;
		};
		D166D8782DCB8DFE00D20E26 /* Release */ = {
			isa = XCBuildConfiguration;
			buildSettings = {
				CODE_SIGN_STYLE = Automatic;
				CURRENT_PROJECT_VERSION = 1;
				DEVELOPMENT_TEAM = JVXZNQZFJS;
				GENERATE_INFOPLIST_FILE = YES;
				MARKETING_VERSION = 1.0;
				PRODUCT_BUNDLE_IDENTIFIER = com.xcoding.CalculatePrUITests;
				PRODUCT_NAME = "$(TARGET_NAME)";
				SWIFT_EMIT_LOC_STRINGS = NO;
				SWIFT_VERSION = 5.0;
				TARGETED_DEVICE_FAMILY = "1,2";
				TEST_TARGET_NAME = CalculatePr;
			};
			name = Release;
		};
/* End XCBuildConfiguration section */

/* Begin XCConfigurationList section */
		D166D8402DCB8DFD00D20E26 /* Build configuration list for PBXProject "CalculatePr" */ = {
			isa = XCConfigurationList;
			buildConfigurations = (
				D166D8712DCB8DFE00D20E26 /* Debug */,
				D166D8722DCB8DFE00D20E26 /* Release */,
			);
			defaultConfigurationIsVisible = 0;
			defaultConfigurationName = Release;
		};
		D166D86E2DCB8DFE00D20E26 /* Build configuration list for PBXNativeTarget "CalculatePr" */ = {
			isa = XCConfigurationList;
			buildConfigurations = (
				D166D86F2DCB8DFE00D20E26 /* Debug */,
				D166D8702DCB8DFE00D20E26 /* Release */,
			);
			defaultConfigurationIsVisible = 0;
			defaultConfigurationName = Release;
		};
		D166D8732DCB8DFE00D20E26 /* Build configuration list for PBXNativeTarget "CalculatePrTests" */ = {
			isa = XCConfigurationList;
			buildConfigurations = (
				D166D8742DCB8DFE00D20E26 /* Debug */,
				D166D8752DCB8DFE00D20E26 /* Release */,
			);
			defaultConfigurationIsVisible = 0;
			defaultConfigurationName = Release;
		};
		D166D8762DCB8DFE00D20E26 /* Build configuration list for PBXNativeTarget "CalculatePrUITests" */ = {
			isa = XCConfigurationList;
			buildConfigurations = (
				D166D8772DCB8DFE00D20E26 /* Debug */,
				D166D8782DCB8DFE00D20E26 /* Release */,
			);
			defaultConfigurationIsVisible = 0;
			defaultConfigurationName = Release;
		};
/* End XCConfigurationList section */
	};
	rootObject = D166D83D2DCB8DFD00D20E26 /* Project object */;
}
